
Microsoft Visual Studio Solution File, Format Version 12.00
# Visual Studio Version 17
VisualStudioVersion = 17.0.31903.59
MinimumVisualStudioVersion = 10.0.40219.1
Project("{FAE04EC0-301F-11D3-BF4B-00C04F79EFBC}") = "MiServiciotest", "MiServiciotest\MiServiciotest.csproj", "{42B8AC76-DA86-49C9-B609-D39524CB806D}"
EndProject
Project("{FAE04EC0-301F-11D3-BF4B-00C04F79EFBC}") = "MiServicio", "MiServicio\MiServicio.csproj", "{D355B38D-C135-4E39-8B1B-A6381B733EA7}"
EndProject
Project("{FAE04EC0-301F-11D3-BF4B-00C04F79EFBC}") = "ejercicio1Vehiculo", "ejercicio1Vehiculo\ejercicio1Vehiculo.csproj", "{22FE54D4-1B8F-4FE5-9514-E56DEBA9834D}"
EndProject
Project("{FAE04EC0-301F-11D3-BF4B-00C04F79EFBC}") = "ejercicio2Bebidas", "ejercicio2Bebidas\ejercicio2Bebidas.csproj", "{1322C67E-A965-4B17-8587-3EA424382D1B}"
EndProject
Global
	GlobalSection(SolutionConfigurationPlatforms) = preSolution
		Debug|Any CPU = Debug|Any CPU
		Release|Any CPU = Release|Any CPU
	EndGlobalSection
	GlobalSection(SolutionProperties) = preSolution
		HideSolutionNode = FALSE
	EndGlobalSection
	GlobalSection(ProjectConfigurationPlatforms) = postSolution
		{42B8AC76-DA86-49C9-B609-D39524CB806D}.Debug|Any CPU.ActiveCfg = Debug|Any CPU
		{42B8AC76-DA86-49C9-B609-D39524CB806D}.Debug|Any CPU.Build.0 = Debug|Any CPU
		{42B8AC76-DA86-49C9-B609-D39524CB806D}.Release|Any CPU.ActiveCfg = Release|Any CPU
		{42B8AC76-DA86-49C9-B609-D39524CB806D}.Release|Any CPU.Build.0 = Release|Any CPU
		{D355B38D-C135-4E39-8B1B-A6381B733EA7}.Debug|Any CPU.ActiveCfg = Debug|Any CPU
		{D355B38D-C135-4E39-8B1B-A6381B733EA7}.Debug|Any CPU.Build.0 = Debug|Any CPU
		{D355B38D-C135-4E39-8B1B-A6381B733EA7}.Release|Any CPU.ActiveCfg = Release|Any CPU
		{D355B38D-C135-4E39-8B1B-A6381B733EA7}.Release|Any CPU.Build.0 = Release|Any CPU
		{22FE54D4-1B8F-4FE5-9514-E56DEBA9834D}.Debug|Any CPU.ActiveCfg = Debug|Any CPU
		{22FE54D4-1B8F-4FE5-9514-E56DEBA9834D}.Debug|Any CPU.Build.0 = Debug|Any CPU
		{22FE54D4-1B8F-4FE5-9514-E56DEBA9834D}.Release|Any CPU.ActiveCfg = Release|Any CPU
		{22FE54D4-1B8F-4FE5-9514-E56DEBA9834D}.Release|Any CPU.Build.0 = Release|Any CPU
		{1322C67E-A965-4B17-8587-3EA424382D1B}.Debug|Any CPU.ActiveCfg = Debug|Any CPU
		{1322C67E-A965-4B17-8587-3EA424382D1B}.Debug|Any CPU.Build.0 = Debug|Any CPU
		{1322C67E-A965-4B17-8587-3EA424382D1B}.Release|Any CPU.ActiveCfg = Release|Any CPU
		{1322C67E-A965-4B17-8587-3EA424382D1B}.Release|Any CPU.Build.0 = Release|Any CPU
	EndGlobalSection
EndGlobal
